{
  "version": 1,
  "dependencies": {
    "net10.0-windows7.0": {
      "DalamudPackager": {
        "type": "Direct",
        "requested": "[14.0.2, )",
        "resolved": "14.0.2",
        "contentHash": "dQJeq+8eyHzra4Cg5eZ/3LAeS3/UpvvLriYJGSncMK9LqJ7Q4B6jwcOsxo3PfxVd15xj+IzVFxkPqIBmPQu8/w=="
      },
      "DotNet.ReproducibleBuilds": {
        "type": "Direct",
        "requested": "[1.2.39, )",
        "resolved": "1.2.39",
        "contentHash": "fcFN01tDTIQqDuTwr1jUQK/geofiwjG5DycJQOnC72i1SsLAk1ELe+apBOuZ11UMQG8YKFZG1FgvjZPbqHyatg=="
      },
      "ECommons": {
        "type": "Direct",
        "requested": "[3.*, )",
        "resolved": "3.1.0.28",
        "contentHash": "9kaA0kobY3IADS3AI4JaVkKUk/Lrvxz+uPyI2qtTuX1kS6yomNuKl/h7EdOI7eDyozuhW0VlgFl80KSGT0xtVw=="
      },
      "Microsoft.Data.Sqlite": {
        "type": "Direct",
        "requested": "[8.*, )",
        "resolved": "8.0.25",
        "contentHash": "KJD56XpbVy2adYLKnQI38E8+cclNTkMgYEokV/aLJRZshhYK9T6JvZgQp7XHpN4MEDwBNNTkOF3nJf7RoBBfEg==",
        "dependencies": {
          "Microsoft.Data.Sqlite.Core": "8.0.25",
          "SQLitePCLRaw.bundle_e_sqlite3": "2.1.6"
        }
      },
      "Microsoft.Data.Sqlite.Core": {
        "type": "Transitive",
        "resolved": "8.0.25",
        "contentHash": "L6Xt1GglbYsQP1Dm3eYUvu3KfYDVNhObON8s1MNMuTjvDOPPvcDmmICSIVPst2pkKQNmoOhptadP38037jIOHA==",
        "dependencies": {
          "SQLitePCLRaw.core": "2.1.6"
        }
      },
      "SQLitePCLRaw.bundle_e_sqlite3": {
        "type": "Transitive",
        "resolved": "2.1.6",
        "contentHash": "BmAf6XWt4TqtowmiWe4/5rRot6GerAeklmOPfviOvwLoF5WwgxcJHAxZtySuyW9r9w+HLILnm8VfJFLCUJYW8A==",
        "dependencies": {
          "SQLitePCLRaw.lib.e_sqlite3": "2.1.6",
          "SQLitePCLRaw.provider.e_sqlite3": "2.1.6"
        }
      },
      "SQLitePCLRaw.core": {
        "type": "Transitive",
        "resolved": "2.1.6",
        "contentHash": "wO6v9GeMx9CUngAet8hbO7xdm+M42p1XeJq47ogyRoYSvNSp0NGLI+MgC0bhrMk9C17MTVFlLiN6ylyExLCc5w=="
      },
      "SQLitePCLRaw.lib.e_sqlite3": {
        "type": "Transitive",
        "resolved": "2.1.6",
        "contentHash": "2ObJJLkIUIxRpOUlZNGuD4rICpBnrBR5anjyfUFQep4hMOIeqW+XGQYzrNmHSVz5xSWZ3klSbh7sFR6UyDj68Q=="
      },
      "SQLitePCLRaw.provider.e_sqlite3": {
        "type": "Transitive",
        "resolved": "2.1.6",
        "contentHash": "PQ2Oq3yepLY4P7ll145P3xtx2bX8xF4PzaKPRpw9jZlKvfe4LE/saAV82inND9usn1XRpmxXk7Lal3MTI+6CNg==",
        "dependencies": {
          "SQLitePCLRaw.core": "2.1.6"
        }
      }
    }
  }
}